
Microsoft Visual Studio Solution File, Format Version 12.00
# Visual Studio Version 17
VisualStudioVersion = 17.11.35327.3
MinimumVisualStudioVersion = 10.0.40219.1
Project("{8BC9CEB8-8B4A-11D0-8D11-00A0C91BC942}") = "Fox And Snake", "Fox And Snake\Fox And Snake.vcxproj", "{B31CE7A0-8E47-4B19-A20B-79EF4FDA03E4}"
EndProject
Global
	GlobalSection(SolutionConfigurationPlatforms) = preSolution
		Debug|x64 = Debug|x64
		Debug|x86 = Debug|x86
		Release|x64 = Release|x64
		Release|x86 = Release|x86
	EndGlobalSection
	GlobalSection(ProjectConfigurationPlatforms) = postSolution
		{B31CE7A0-8E47-4B19-A20B-79EF4FDA03E4}.Debug|x64.ActiveCfg = Debug|x64
		{B31CE7A0-8E47-4B19-A20B-79EF4FDA03E4}.Debug|x64.Build.0 = Debug|x64
		{B31CE7A0-8E47-4B19-A20B-79EF4FDA03E4}.Debug|x86.ActiveCfg = Debug|Win32
		{B31CE7A0-8E47-4B19-A20B-79EF4FDA03E4}.Debug|x86.Build.0 = Debug|Win32
		{B31CE7A0-8E47-4B19-A20B-79EF4FDA03E4}.Release|x64.ActiveCfg = Release|x64
		{B31CE7A0-8E47-4B19-A20B-79EF4FDA03E4}.Release|x64.Build.0 = Release|x64
		{B31CE7A0-8E47-4B19-A20B-79EF4FDA03E4}.Release|x86.ActiveCfg = Release|Win32
		{B31CE7A0-8E47-4B19-A20B-79EF4FDA03E4}.Release|x86.Build.0 = Release|Win32
	EndGlobalSection
	GlobalSection(SolutionProperties) = preSolution
		HideSolutionNode = FALSE
	EndGlobalSection
	GlobalSection(ExtensibilityGlobals) = postSolution
		SolutionGuid = {282F124A-FD33-4DA6-BDB8-31C562FF371B}
	EndGlobalSection
EndGlobal
